
Microsoft Visual Studio Solution File, Format Version 12.00
# Visual Studio Version 16
VisualStudioVersion = 16.0.31424.327
MinimumVisualStudioVersion = 10.0.40219.1
Project("{9A19103F-16F7-4668-BE54-9A1E7A4F7556}") = "HomeWork_21", "HomeWork_21.csproj", "{79130110-88D0-413B-BA76-52E3A332A3EB}"
EndProject
Global
	GlobalSection(SolutionConfigurationPlatforms) = preSolution
		Debug|Any CPU = Debug|Any CPU
		Release|Any CPU = Release|Any CPU
	EndGlobalSection
	GlobalSection(ProjectConfigurationPlatforms) = postSolution
		{79130110-88D0-413B-BA76-52E3A332A3EB}.Debug|Any CPU.ActiveCfg = Debug|Any CPU
		{79130110-88D0-413B-BA76-52E3A332A3EB}.Debug|Any CPU.Build.0 = Debug|Any CPU
		{79130110-88D0-413B-BA76-52E3A332A3EB}.Release|Any CPU.ActiveCfg = Release|Any CPU
		{79130110-88D0-413B-BA76-52E3A332A3EB}.Release|Any CPU.Build.0 = Release|Any CPU
	EndGlobalSection
	GlobalSection(SolutionProperties) = preSolution
		HideSolutionNode = FALSE
	EndGlobalSection
	GlobalSection(ExtensibilityGlobals) = postSolution
		SolutionGuid = {447713A1-B122-467B-AC28-FC58A30094B4}
	EndGlobalSection
EndGlobal
